
Microsoft Visual Studio Solution File, Format Version 12.00
Project("{FAE04EC0-301F-11D3-BF4B-00C04F79EFBC}") = "Tourism.WebAPI", "Tourism.WebAPI\Tourism.WebAPI.csproj", "{EF1EF976-62E5-4967-BCE5-7C1291DB543D}"
EndProject
Project("{FAE04EC0-301F-11D3-BF4B-00C04F79EFBC}") = "Tourism.Domain", "Tourism.Domain\Tourism.Domain.csproj", "{90672FB9-CA1D-48D4-BBE9-066BA5EA8B90}"
EndProject
Project("{FAE04EC0-301F-11D3-BF4B-00C04F79EFBC}") = "Tourism.Infrastructure", "Tourism.Infrastructure\Tourism.Infrastructure.csproj", "{D8615A0F-2F0A-4712-A0D4-7083513C93F4}"
EndProject
Global
	GlobalSection(SolutionConfigurationPlatforms) = preSolution
		Debug|Any CPU = Debug|Any CPU
		Release|Any CPU = Release|Any CPU
	EndGlobalSection
	GlobalSection(ProjectConfigurationPlatforms) = postSolution
		{EF1EF976-62E5-4967-BCE5-7C1291DB543D}.Debug|Any CPU.ActiveCfg = Debug|Any CPU
		{EF1EF976-62E5-4967-BCE5-7C1291DB543D}.Debug|Any CPU.Build.0 = Debug|Any CPU
		{EF1EF976-62E5-4967-BCE5-7C1291DB543D}.Release|Any CPU.ActiveCfg = Release|Any CPU
		{EF1EF976-62E5-4967-BCE5-7C1291DB543D}.Release|Any CPU.Build.0 = Release|Any CPU
		{90672FB9-CA1D-48D4-BBE9-066BA5EA8B90}.Debug|Any CPU.ActiveCfg = Debug|Any CPU
		{90672FB9-CA1D-48D4-BBE9-066BA5EA8B90}.Debug|Any CPU.Build.0 = Debug|Any CPU
		{90672FB9-CA1D-48D4-BBE9-066BA5EA8B90}.Release|Any CPU.ActiveCfg = Release|Any CPU
		{90672FB9-CA1D-48D4-BBE9-066BA5EA8B90}.Release|Any CPU.Build.0 = Release|Any CPU
		{D8615A0F-2F0A-4712-A0D4-7083513C93F4}.Debug|Any CPU.ActiveCfg = Debug|Any CPU
		{D8615A0F-2F0A-4712-A0D4-7083513C93F4}.Debug|Any CPU.Build.0 = Debug|Any CPU
		{D8615A0F-2F0A-4712-A0D4-7083513C93F4}.Release|Any CPU.ActiveCfg = Release|Any CPU
		{D8615A0F-2F0A-4712-A0D4-7083513C93F4}.Release|Any CPU.Build.0 = Release|Any CPU
	EndGlobalSection
EndGlobal
